// !$*UTF8*$!
{
	archiveVersion = 1;
	classes = {
	};
	objectVersion = 51;
	objects = {

/* Begin PBXBuildFile section */
		167EECA1FFD3E466A8F8FC63 /* Pods_House_System_Hub.framework in Frameworks */ = {isa = PBXBuildFile; fileRef = 93C790396F40753B2C4028FB /* Pods_House_System_Hub.framework */; };
		D5B01ADC23A96DE300CF0916 /* AppDelegate.swift in Sources */ = {isa = PBXBuildFile; fileRef = D5B01ADB23A96DE300CF0916 /* AppDelegate.swift */; };
		D5B01ADE23A96DE300CF0916 /* SceneDelegate.swift in Sources */ = {isa = PBXBuildFile; fileRef = D5B01ADD23A96DE300CF0916 /* SceneDelegate.swift */; };
		D5B01AE023A96DE300CF0916 /* ContentView.swift in Sources */ = {isa = PBXBuildFile; fileRef = D5B01ADF23A96DE300CF0916 /* ContentView.swift */; };
		D5B01AE223A96DE800CF0916 /* Assets.xcassets in Resources */ = {isa = PBXBuildFile; fileRef = D5B01AE123A96DE800CF0916 /* Assets.xcassets */; };
		D5B01AE523A96DE800CF0916 /* Preview Assets.xcassets in Resources */ = {isa = PBXBuildFile; fileRef = D5B01AE423A96DE800CF0916 /* Preview Assets.xcassets */; };
		D5B01AE823A96DE800CF0916 /* LaunchScreen.storyboard in Resources */ = {isa = PBXBuildFile; fileRef = D5B01AE623A96DE800CF0916 /* LaunchScreen.storyboard */; };
		D5B01AF023A9711400CF0916 /* GoogleService-Info.plist in Resources */ = {isa = PBXBuildFile; fileRef = D5B01AEF23A9711400CF0916 /* GoogleService-Info.plist */; };
/* End PBXBuildFile section */

/* Begin PBXFileReference section */
		71F4F776877B28622E6B0F5C /* Pods-House System Hub.release.xcconfig */ = {isa = PBXFileReference; includeInIndex = 1; lastKnownFileType = text.xcconfig; name = "Pods-House System Hub.release.xcconfig"; path = "Target Support Files/Pods-House System Hub/Pods-House System Hub.release.xcconfig"; sourceTree = "<group>"; };
		813AAE1131FD197FBECA8E6E /* Pods-House System Hub.debug.xcconfig */ = {isa = PBXFileReference; includeInIndex = 1; lastKnownFileType = text.xcconfig; name = "Pods-House System Hub.debug.xcconfig"; path = "Target Support Files/Pods-House System Hub/Pods-House System Hub.debug.xcconfig"; sourceTree = "<group>"; };
		93C790396F40753B2C4028FB /* Pods_House_System_Hub.framework */ = {isa = PBXFileReference; explicitFileType = wrapper.framework; includeInIndex = 0; path = Pods_House_System_Hub.framework; sourceTree = BUILT_PRODUCTS_DIR; };
		D5B01AD823A96DE300CF0916 /* House System Hub.app */ = {isa = PBXFileReference; explicitFileType = wrapper.application; includeInIndex = 0; path = "House System Hub.app"; sourceTree = BUILT_PRODUCTS_DIR; };
		D5B01ADB23A96DE300CF0916 /* AppDelegate.swift */ = {isa = PBXFileReference; lastKnownFileType = sourcecode.swift; path = AppDelegate.swift; sourceTree = "<group>"; };
		D5B01ADD23A96DE300CF0916 /* SceneDelegate.swift */ = {isa = PBXFileReference; lastKnownFileType = sourcecode.swift; path = SceneDelegate.swift; sourceTree = "<group>"; };
		D5B01ADF23A96DE300CF0916 /* ContentView.swift */ = {isa = PBXFileReference; lastKnownFileType = sourcecode.swift; path = ContentView.swift; sourceTree = "<group>"; };
		D5B01AE123A96DE800CF0916 /* Assets.xcassets */ = {isa = PBXFileReference; lastKnownFileType = folder.assetcatalog; path = Assets.xcassets; sourceTree = "<group>"; };
		D5B01AE423A96DE800CF0916 /* Preview Assets.xcassets */ = {isa = PBXFileReference; lastKnownFileType = folder.assetcatalog; path = "Preview Assets.xcassets"; sourceTree = "<group>"; };
		D5B01AE723A96DE800CF0916 /* Base */ = {isa = PBXFileReference; lastKnownFileType = file.storyboard; name = Base; path = Base.lproj/LaunchScreen.storyboard; sourceTree = "<group>"; };
		D5B01AE923A96DE800CF0916 /* Info.plist */ = {isa = PBXFileReference; lastKnownFileType = text.plist.xml; path = Info.plist; sourceTree = "<group>"; };
		D5B01AEF23A9711400CF0916 /* GoogleService-Info.plist */ = {isa = PBXFileReference; fileEncoding = 4; lastKnownFileType = text.plist.xml; name = "GoogleService-Info.plist"; path = "../../../../Downloads/GoogleService-Info.plist"; sourceTree = "<group>"; };
/* End PBXFileReference section */

/* Begin PBXFrameworksBuildPhase section */
		D5B01AD523A96DE300CF0916 /* Frameworks */ = {
			isa = PBXFrameworksBuildPhase;
			buildActionMask = 2147483647;
			files = (
				167EECA1FFD3E466A8F8FC63 /* Pods_House_System_Hub.framework in Frameworks */,
			);
			runOnlyForDeploymentPostprocessing = 0;
		};
/* End PBXFrameworksBuildPhase section */

/* Begin PBXGroup section */
		12EEB8B14A9549BCCB6D5E66 /* Pods */ = {
			isa = PBXGroup;
			children = (
				813AAE1131FD197FBECA8E6E /* Pods-House System Hub.debug.xcconfig */,
				71F4F776877B28622E6B0F5C /* Pods-House System Hub.release.xcconfig */,
			);
			path = Pods;
			sourceTree = "<group>";
		};
		D5B01ACF23A96DE300CF0916 = {
			isa = PBXGroup;
			children = (
				D5B01ADA23A96DE300CF0916 /* House System Hub */,
				D5B01AD923A96DE300CF0916 /* Products */,
				12EEB8B14A9549BCCB6D5E66 /* Pods */,
				DC1F478A5C2D94EB1783768A /* Frameworks */,
			);
			sourceTree = "<group>";
		};
		D5B01AD923A96DE300CF0916 /* Products */ = {
			isa = PBXGroup;
			children = (
				D5B01AD823A96DE300CF0916 /* House System Hub.app */,
			);
			name = Products;
			sourceTree = "<group>";
		};
		D5B01ADA23A96DE300CF0916 /* House System Hub */ = {
			isa = PBXGroup;
			children = (
				D5B01ADB23A96DE300CF0916 /* AppDelegate.swift */,
				D5B01ADD23A96DE300CF0916 /* SceneDelegate.swift */,
				D5B01ADF23A96DE300CF0916 /* ContentView.swift */,
				D5B01AE123A96DE800CF0916 /* Assets.xcassets */,
				D5B01AE623A96DE800CF0916 /* LaunchScreen.storyboard */,
				D5B01AE923A96DE800CF0916 /* Info.plist */,
				D5B01AEF23A9711400CF0916 /* GoogleService-Info.plist */,
				D5B01AE323A96DE800CF0916 /* Preview Content */,
			);
			path = "House System Hub";
			sourceTree = "<group>";
		};
		D5B01AE323A96DE800CF0916 /* Preview Content */ = {
			isa = PBXGroup;
			children = (
				D5B01AE423A96DE800CF0916 /* Preview Assets.xcassets */,
			);
			path = "Preview Content";
			sourceTree = "<group>";
		};
		DC1F478A5C2D94EB1783768A /* Frameworks */ = {
			isa = PBXGroup;
			children = (
				93C790396F40753B2C4028FB /* Pods_House_System_Hub.framework */,
			);
			name = Frameworks;
			sourceTree = "<group>";
		};
/* End PBXGroup section */

/* Begin PBXNativeTarget section */
		D5B01AD723A96DE300CF0916 /* House System Hub */ = {
			isa = PBXNativeTarget;
			buildConfigurationList = D5B01AEC23A96DE800CF0916 /* Build configuration list for PBXNativeTarget "House System Hub" */;
			buildPhases = (
				D9188B7ABD1B1FE4EBFC00E3 /* [CP] Check Pods Manifest.lock */,
				D5B01AD423A96DE300CF0916 /* Sources */,
				D5B01AD523A96DE300CF0916 /* Frameworks */,
				D5B01AD623A96DE300CF0916 /* Resources */,
				343AC2DA647F4F855036A311 /* [CP] Embed Pods Frameworks */,
				57A77133B3577B2CF4C5A40A /* [CP] Copy Pods Resources */,
			);
			buildRules = (
			);
			dependencies = (
			);
			name = "House System Hub";
			productName = "House System Hub";
			productReference = D5B01AD823A96DE300CF0916 /* House System Hub.app */;
			productType = "com.apple.product-type.application";
		};
/* End PBXNativeTarget section */

/* Begin PBXProject section */
		D5B01AD023A96DE300CF0916 /* Project object */ = {
			isa = PBXProject;
			attributes = {
				LastSwiftUpdateCheck = 1130;
				LastUpgradeCheck = 1130;
				ORGANIZATIONNAME = "The Pasta Peddler, Inc.";
				TargetAttributes = {
					D5B01AD723A96DE300CF0916 = {
						CreatedOnToolsVersion = 11.3;
					};
				};
			};
			buildConfigurationList = D5B01AD323A96DE300CF0916 /* Build configuration list for PBXProject "House System Hub" */;
			compatibilityVersion = "Xcode 9.3";
			developmentRegion = en;
			hasScannedForEncodings = 0;
			knownRegions = (
				en,
				Base,
			);
			mainGroup = D5B01ACF23A96DE300CF0916;
			productRefGroup = D5B01AD923A96DE300CF0916 /* Products */;
			projectDirPath = "";
			projectRoot = "";
			targets = (
				D5B01AD723A96DE300CF0916 /* House System Hub */,
			);
		};
/* End PBXProject section */

/* Begin PBXResourcesBuildPhase section */
		D5B01AD623A96DE300CF0916 /* Resources */ = {
			isa = PBXResourcesBuildPhase;
			buildActionMask = 2147483647;
			files = (
				D5B01AE823A96DE800CF0916 /* LaunchScreen.storyboard in Resources */,
				D5B01AF023A9711400CF0916 /* GoogleService-Info.plist in Resources */,
				D5B01AE523A96DE800CF0916 /* Preview Assets.xcassets in Resources */,
				D5B01AE223A96DE800CF0916 /* Assets.xcassets in Resources */,
			);
			runOnlyForDeploymentPostprocessing = 0;
		};
/* End PBXResourcesBuildPhase section */

/* Begin PBXShellScriptBuildPhase section */
		343AC2DA647F4F855036A311 /* [CP] Embed Pods Frameworks */ = {
			isa = PBXShellScriptBuildPhase;
			buildActionMask = 2147483647;
			files = (
			);
			inputFileListPaths = (
				"${PODS_ROOT}/Target Support Files/Pods-House System Hub/Pods-House System Hub-frameworks-${CONFIGURATION}-input-files.xcfilelist",
			);
			name = "[CP] Embed Pods Frameworks";
			outputFileListPaths = (
				"${PODS_ROOT}/Target Support Files/Pods-House System Hub/Pods-House System Hub-frameworks-${CONFIGURATION}-output-files.xcfilelist",
			);
			runOnlyForDeploymentPostprocessing = 0;
			shellPath = /bin/sh;
			shellScript = "\"${PODS_ROOT}/Target Support Files/Pods-House System Hub/Pods-House System Hub-frameworks.sh\"\n";
			showEnvVarsInLog = 0;
		};
		57A77133B3577B2CF4C5A40A /* [CP] Copy Pods Resources */ = {
			isa = PBXShellScriptBuildPhase;
			buildActionMask = 2147483647;
			files = (
			);
			inputFileListPaths = (
				"${PODS_ROOT}/Target Support Files/Pods-House System Hub/Pods-House System Hub-resources-${CONFIGURATION}-input-files.xcfilelist",
			);
			name = "[CP] Copy Pods Resources";
			outputFileListPaths = (
				"${PODS_ROOT}/Target Support Files/Pods-House System Hub/Pods-House System Hub-resources-${CONFIGURATION}-output-files.xcfilelist",
			);
			runOnlyForDeploymentPostprocessing = 0;
			shellPath = /bin/sh;
			shellScript = "\"${PODS_ROOT}/Target Support Files/Pods-House System Hub/Pods-House System Hub-resources.sh\"\n";
			showEnvVarsInLog = 0;
		};
		D9188B7ABD1B1FE4EBFC00E3 /* [CP] Check Pods Manifest.lock */ = {
			isa = PBXShellScriptBuildPhase;
			buildActionMask = 2147483647;
			files = (
			);
			inputFileListPaths = (
			);
			inputPaths = (
				"${PODS_PODFILE_DIR_PATH}/Podfile.lock",
				"${PODS_ROOT}/Manifest.lock",
			);
			name = "[CP] Check Pods Manifest.lock";
			outputFileListPaths = (
			);
			outputPaths = (
				"$(DERIVED_FILE_DIR)/Pods-House System Hub-checkManifestLockResult.txt",
			);
			runOnlyForDeploymentPostprocessing = 0;
			shellPath = /bin/sh;
			shellScript = "diff \"${PODS_PODFILE_DIR_PATH}/Podfile.lock\" \"${PODS_ROOT}/Manifest.lock\" > /dev/null\nif [ $? != 0 ] ; then\n    # print error to STDERR\n    echo \"error: The sandbox is not in sync with the Podfile.lock. Run 'pod install' or update your CocoaPods installation.\" >&2\n    exit 1\nfi\n# This output is used by Xcode 'outputs' to avoid re-running this script phase.\necho \"SUCCESS\" > \"${SCRIPT_OUTPUT_FILE_0}\"\n";
			showEnvVarsInLog = 0;
		};
/* End PBXShellScriptBuildPhase section */

/* Begin PBXSourcesBuildPhase section */
		D5B01AD423A96DE300CF0916 /* Sources */ = {
			isa = PBXSourcesBuildPhase;
			buildActionMask = 2147483647;
			files = (
				D5B01ADC23A96DE300CF0916 /* AppDelegate.swift in Sources */,
				D5B01ADE23A96DE300CF0916 /* SceneDelegate.swift in Sources */,
				D5B01AE023A96DE300CF0916 /* ContentView.swift in Sources */,
			);
			runOnlyForDeploymentPostprocessing = 0;
		};
/* End PBXSourcesBuildPhase section */

/* Begin PBXVariantGroup section */
		D5B01AE623A96DE800CF0916 /* LaunchScreen.storyboard */ = {
			isa = PBXVariantGroup;
			children = (
				D5B01AE723A96DE800CF0916 /* Base */,
			);
			name = LaunchScreen.storyboard;
			sourceTree = "<group>";
		};
/* End PBXVariantGroup section */

/* Begin XCBuildConfiguration section */
		D5B01AEA23A96DE800CF0916 /* Debug */ = {
			isa = XCBuildConfiguration;
			buildSettings = {
				ALWAYS_SEARCH_USER_PATHS = NO;
				CLANG_ANALYZER_NONNULL = YES;
				CLANG_ANALYZER_NUMBER_OBJECT_CONVERSION = YES_AGGRESSIVE;
				CLANG_CXX_LANGUAGE_STANDARD = "gnu++14";
				CLANG_CXX_LIBRARY = "libc++";
				CLANG_ENABLE_MODULES = YES;
				CLANG_ENABLE_OBJC_ARC = YES;
				CLANG_ENABLE_OBJC_WEAK = YES;
				CLANG_WARN_BLOCK_CAPTURE_AUTORELEASING = YES;
				CLANG_WARN_BOOL_CONVERSION = YES;
				CLANG_WARN_COMMA = YES;
				CLANG_WARN_CONSTANT_CONVERSION = YES;
				CLANG_WARN_DEPRECATED_OBJC_IMPLEMENTATIONS = YES;
				CLANG_WARN_DIRECT_OBJC_ISA_USAGE = YES_ERROR;
				CLANG_WARN_DOCUMENTATION_COMMENTS = YES;
				CLANG_WARN_EMPTY_BODY = YES;
				CLANG_WARN_ENUM_CONVERSION = YES;
				CLANG_WARN_INFINITE_RECURSION = YES;
				CLANG_WARN_INT_CONVERSION = YES;
				CLANG_WARN_NON_LITERAL_NULL_CONVERSION = YES;
				CLANG_WARN_OBJC_IMPLICIT_RETAIN_SELF = YES;
				CLANG_WARN_OBJC_LITERAL_CONVERSION = YES;
				CLANG_WARN_OBJC_ROOT_CLASS = YES_ERROR;
				CLANG_WARN_RANGE_LOOP_ANALYSIS = YES;
				CLANG_WARN_STRICT_PROTOTYPES = YES;
				CLANG_WARN_SUSPICIOUS_MOVE = YES;
				CLANG_WARN_UNGUARDED_AVAILABILITY = YES_AGGRESSIVE;
				CLANG_WARN_UNREACHABLE_CODE = YES;
				CLANG_WARN__DUPLICATE_METHOD_MATCH = YES;
				COPY_PHASE_STRIP = NO;
				DEBUG_INFORMATION_FORMAT = dwarf;
				ENABLE_STRICT_OBJC_MSGSEND = YES;
				ENABLE_TESTABILITY = YES;
				GCC_C_LANGUAGE_STANDARD = gnu11;
				GCC_DYNAMIC_NO_PIC = NO;
				GCC_NO_COMMON_BLOCKS = YES;
				GCC_OPTIMIZATION_LEVEL = 0;
				GCC_PREPROCESSOR_DEFINITIONS = (
					"DEBUG=1",
					"$(inherited)",
				);
				GCC_WARN_64_TO_32_BIT_CONVERSION = YES;
				GCC_WARN_ABOUT_RETURN_TYPE = YES_ERROR;
				GCC_WARN_UNDECLARED_SELECTOR = YES;
				GCC_WARN_UNINITIALIZED_AUTOS = YES_AGGRESSIVE;
				GCC_WARN_UNUSED_FUNCTION = YES;
				GCC_WARN_UNUSED_VARIABLE = YES;
				IPHONEOS_DEPLOYMENT_TARGET = 13.2;
				MTL_ENABLE_DEBUG_INFO = INCLUDE_SOURCE;
				MTL_FAST_MATH = YES;
				ONLY_ACTIVE_ARCH = YES;
				SDKROOT = iphoneos;
				SWIFT_ACTIVE_COMPILATION_CONDITIONS = DEBUG;
				SWIFT_OPTIMIZATION_LEVEL = "-Onone";
			};
			name = Debug;
		};
		D5B01AEB23A96DE800CF0916 /* Release */ = {
			isa = XCBuildConfiguration;
			buildSettings = {
				ALWAYS_SEARCH_USER_PATHS = NO;
				CLANG_ANALYZER_NONNULL = YES;
				CLANG_ANALYZER_NUMBER_OBJECT_CONVERSION = YES_AGGRESSIVE;
				CLANG_CXX_LANGUAGE_STANDARD = "gnu++14";
				CLANG_CXX_LIBRARY = "libc++";
				CLANG_ENABLE_MODULES = YES;
				CLANG_ENABLE_OBJC_ARC = YES;
				CLANG_ENABLE_OBJC_WEAK = YES;
				CLANG_WARN_BLOCK_CAPTURE_AUTORELEASING = YES;
				CLANG_WARN_BOOL_CONVERSION = YES;
				CLANG_WARN_COMMA = YES;
				CLANG_WARN_CONSTANT_CONVERSION = YES;
				CLANG_WARN_DEPRECATED_OBJC_IMPLEMENTATIONS = YES;
				CLANG_WARN_DIRECT_OBJC_ISA_USAGE = YES_ERROR;
				CLANG_WARN_DOCUMENTATION_COMMENTS = YES;
				CLANG_WARN_EMPTY_BODY = YES;
				CLANG_WARN_ENUM_CONVERSION = YES;
				CLANG_WARN_INFINITE_RECURSION = YES;
				CLANG_WARN_INT_CONVERSION = YES;
				CLANG_WARN_NON_LITERAL_NULL_CONVERSION = YES;
				CLANG_WARN_OBJC_IMPLICIT_RETAIN_SELF = YES;
				CLANG_WARN_OBJC_LITERAL_CONVERSION = YES;
				CLANG_WARN_OBJC_ROOT_CLASS = YES_ERROR;
				CLANG_WARN_RANGE_LOOP_ANALYSIS = YES;
				CLANG_WARN_STRICT_PROTOTYPES = YES;
				CLANG_WARN_SUSPICIOUS_MOVE = YES;
				CLANG_WARN_UNGUARDED_AVAILABILITY = YES_AGGRESSIVE;
				CLANG_WARN_UNREACHABLE_CODE = YES;
				CLANG_WARN__DUPLICATE_METHOD_MATCH = YES;
				COPY_PHASE_STRIP = NO;
				DEBUG_INFORMATION_FORMAT = "dwarf-with-dsym";
				ENABLE_NS_ASSERTIONS = NO;
				ENABLE_STRICT_OBJC_MSGSEND = YES;
				GCC_C_LANGUAGE_STANDARD = gnu11;
				GCC_NO_COMMON_BLOCKS = YES;
				GCC_WARN_64_TO_32_BIT_CONVERSION = YES;
				GCC_WARN_ABOUT_RETURN_TYPE = YES_ERROR;
				GCC_WARN_UNDECLARED_SELECTOR = YES;
				GCC_WARN_UNINITIALIZED_AUTOS = YES_AGGRESSIVE;
				GCC_WARN_UNUSED_FUNCTION = YES;
				GCC_WARN_UNUSED_VARIABLE = YES;
				IPHONEOS_DEPLOYMENT_TARGET = 13.2;
				MTL_ENABLE_DEBUG_INFO = NO;
				MTL_FAST_MATH = YES;
				SDKROOT = iphoneos;
				SWIFT_COMPILATION_MODE = wholemodule;
				SWIFT_OPTIMIZATION_LEVEL = "-O";
				VALIDATE_PRODUCT = YES;
			};
			name = Release;
		};
		D5B01AED23A96DE800CF0916 /* Debug */ = {
			isa = XCBuildConfiguration;
			baseConfigurationReference = 813AAE1131FD197FBECA8E6E /* Pods-House System Hub.debug.xcconfig */;
			buildSettings = {
				ASSETCATALOG_COMPILER_APPICON_NAME = AppIcon;
				CODE_SIGN_STYLE = Automatic;
				DEVELOPMENT_ASSET_PATHS = "\"House System Hub/Preview Content\"";
				DEVELOPMENT_TEAM = 6AL72H622G;
				ENABLE_PREVIEWS = YES;
				INFOPLIST_FILE = "House System Hub/Info.plist";
				LD_RUNPATH_SEARCH_PATHS = (
					"$(inherited)",
					"@executable_path/Frameworks",
				);
				PRODUCT_BUNDLE_IDENTIFIER = "com.pastapeddler.House-System-Hub";
				PRODUCT_NAME = "$(TARGET_NAME)";
				SWIFT_VERSION = 5.0;
				TARGETED_DEVICE_FAMILY = "1,2";
			};
			name = Debug;
		};
		D5B01AEE23A96DE800CF0916 /* Release */ = {
			isa = XCBuildConfiguration;
			baseConfigurationReference = 71F4F776877B28622E6B0F5C /* Pods-House System Hub.release.xcconfig */;
			buildSettings = {
				ASSETCATALOG_COMPILER_APPICON_NAME = AppIcon;
				CODE_SIGN_STYLE = Automatic;
				DEVELOPMENT_ASSET_PATHS = "\"House System Hub/Preview Content\"";
				DEVELOPMENT_TEAM = 6AL72H622G;
				ENABLE_PREVIEWS = YES;
				INFOPLIST_FILE = "House System Hub/Info.plist";
				LD_RUNPATH_SEARCH_PATHS = (
					"$(inherited)",
					"@executable_path/Frameworks",
				);
				PRODUCT_BUNDLE_IDENTIFIER = "com.pastapeddler.House-System-Hub";
				PRODUCT_NAME = "$(TARGET_NAME)";
				SWIFT_VERSION = 5.0;
				TARGETED_DEVICE_FAMILY = "1,2";
			};
			name = Release;
		};
/* End XCBuildConfiguration section */

/* Begin XCConfigurationList section */
		D5B01AD323A96DE300CF0916 /* Build configuration list for PBXProject "House System Hub" */ = {
			isa = XCConfigurationList;
			buildConfigurations = (
				D5B01AEA23A96DE800CF0916 /* Debug */,
				D5B01AEB23A96DE800CF0916 /* Release */,
			);
			defaultConfigurationIsVisible = 0;
			defaultConfigurationName = Release;
		};
		D5B01AEC23A96DE800CF0916 /* Build configuration list for PBXNativeTarget "House System Hub" */ = {
			isa = XCConfigurationList;
			buildConfigurations = (
				D5B01AED23A96DE800CF0916 /* Debug */,
				D5B01AEE23A96DE800CF0916 /* Release */,
			);
			defaultConfigurationIsVisible = 0;
			defaultConfigurationName = Release;
		};
/* End XCConfigurationList section */
	};
	rootObject = D5B01AD023A96DE300CF0916 /* Project object */;
}
